
Microsoft Visual Studio Solution File, Format Version 12.00
# Visual Studio Version 17
VisualStudioVersion = 17.13.35931.197
MinimumVisualStudioVersion = 10.0.40219.1
Project("{FAE04EC0-301F-11D3-BF4B-00C04F79EFBC}") = "FlatGameFor2D", "FlatGameFor2D\FlatGameFor2D.csproj", "{BAA11731-EF5C-4296-9139-43963AE67467}"
EndProject
Global
	GlobalSection(SolutionConfigurationPlatforms) = preSolution
		Debug|Any CPU = Debug|Any CPU
		Release|Any CPU = Release|Any CPU
	EndGlobalSection
	GlobalSection(ProjectConfigurationPlatforms) = postSolution
		{BAA11731-EF5C-4296-9139-43963AE67467}.Debug|Any CPU.ActiveCfg = Debug|Any CPU
		{BAA11731-EF5C-4296-9139-43963AE67467}.Debug|Any CPU.Build.0 = Debug|Any CPU
		{BAA11731-EF5C-4296-9139-43963AE67467}.Release|Any CPU.ActiveCfg = Release|Any CPU
		{BAA11731-EF5C-4296-9139-43963AE67467}.Release|Any CPU.Build.0 = Release|Any CPU
	EndGlobalSection
	GlobalSection(SolutionProperties) = preSolution
		HideSolutionNode = FALSE
	EndGlobalSection
	GlobalSection(ExtensibilityGlobals) = postSolution
		SolutionGuid = {F948E16E-CEBB-451A-A237-B4810D8B2406}
	EndGlobalSection
EndGlobal
